{
  "name": "codingchallengeweek7",
  "version": "1.0.0",
  "lockfileVersion": 2,
  "requires": true,
  "packages": {
    "": {
      "name": "codingchallengeweek7",
      "version": "1.0.0",
      "license": "ISC",
      "dependencies": {
        "maskify": "^1.0.1"
      }
    },
    "node_modules/maskify": {
      "version": "1.0.1",
      "resolved": "https://registry.npmjs.org/maskify/-/maskify-1.0.1.tgz",
      "integrity": "sha512-4eFl1rUTmjyifbOWwxv/8abR43puWVsrI40JRbAMmvrJEeTIFPO4p0VSB7S+iAvqaDNIBIPqe+9qVRKTqBxG5w=="
    }
  },
  "dependencies": {
    "maskify": {
      "version": "1.0.1",
      "resolved": "https://registry.npmjs.org/maskify/-/maskify-1.0.1.tgz",
      "integrity": "sha512-4eFl1rUTmjyifbOWwxv/8abR43puWVsrI40JRbAMmvrJEeTIFPO4p0VSB7S+iAvqaDNIBIPqe+9qVRKTqBxG5w=="
    }
  }
}
